
Microsoft Visual Studio Solution File, Format Version 12.00
# Visual Studio Version 16
VisualStudioVersion = 16.0.31205.134
MinimumVisualStudioVersion = 10.0.40219.1
Project("{2150E333-8FDC-42A3-9474-1A3956D46DE8}") = "레벨 1", "레벨 1", "{C4DCB784-6E8F-4EB1-B745-CDA90C7240BF}"
EndProject
Project("{9A19103F-16F7-4668-BE54-9A1E7A4F7556}") = "모의고사", "모의고사\모의고사.csproj", "{1FEA1B3A-F0DF-42B6-8492-D2EA13CC1FEC}"
EndProject
Project("{9A19103F-16F7-4668-BE54-9A1E7A4F7556}") = "K번째 수", "K번째 수\K번째 수.csproj", "{3CB92233-59F8-43C1-8585-6B75FA842066}"
EndProject
Project("{9A19103F-16F7-4668-BE54-9A1E7A4F7556}") = "체육복", "체육복\체육복.csproj", "{B4503069-7398-45B6-A20C-A634EEA80899}"
EndProject
Project("{2150E333-8FDC-42A3-9474-1A3956D46DE8}") = "Solution Items", "Solution Items", "{321C690B-9C89-457B-AC4C-6A4A36D9A1CB}"
	ProjectSection(SolutionItems) = preProject
		.editorconfig = .editorconfig
	EndProjectSection
EndProject
Project("{9A19103F-16F7-4668-BE54-9A1E7A4F7556}") = "직사각형별찍기", "직사각형별찍기\직사각형별찍기.csproj", "{E498978C-77D9-4B78-9E97-49C8A2A54712}"
EndProject
Project("{9A19103F-16F7-4668-BE54-9A1E7A4F7556}") = "x만큼간격이있는n개의숫자", "x만큼간격이있는n개의숫자\x만큼간격이있는n개의숫자.csproj", "{6E4B9783-C9A0-4AEA-B0B9-543ED56BB659}"
EndProject
Project("{9A19103F-16F7-4668-BE54-9A1E7A4F7556}") = "행렬의덧셈", "행렬의덧셈\행렬의덧셈.csproj", "{D82F7138-5651-4BE0-8C70-6A49D564370A}"
EndProject
Project("{9A19103F-16F7-4668-BE54-9A1E7A4F7556}") = "핸드폰번호가리기", "핸드폰번호가리기\핸드폰번호가리기.csproj", "{BD33F111-07E4-4925-89FF-2AB9239394FF}"
EndProject
Project("{9A19103F-16F7-4668-BE54-9A1E7A4F7556}") = "하샤드수", "하샤드수\하샤드수.csproj", "{39A1FFA8-F841-4F61-81BB-9EB9979B758D}"
EndProject
Project("{9A19103F-16F7-4668-BE54-9A1E7A4F7556}") = "평균구하기", "평균구하기\평균구하기.csproj", "{C295CED6-1343-450C-BEEE-2D166113F8BE}"
EndProject
Project("{9A19103F-16F7-4668-BE54-9A1E7A4F7556}") = "콜라츠추측", "콜라츠추측\콜라츠추측.csproj", "{00338C43-7F8A-4ACC-9637-14614B2DAD62}"
EndProject
Project("{2150E333-8FDC-42A3-9474-1A3956D46DE8}") = "레벨 2", "레벨 2", "{FE05A6E2-6395-4C83-B330-417F2A83E6CE}"
EndProject
Project("{9A19103F-16F7-4668-BE54-9A1E7A4F7556}") = "다음 큰 숫자", "다음 큰 숫자\다음 큰 숫자.csproj", "{998CF7AE-1081-4FE0-B510-7E5CE40C1099}"
EndProject
Project("{9A19103F-16F7-4668-BE54-9A1E7A4F7556}") = "최대공약수와최소공배수", "최대공약수와최소공배수\최대공약수와최소공배수.csproj", "{010C1F49-B3AB-4932-AB52-6413C662CA31}"
EndProject
Project("{9A19103F-16F7-4668-BE54-9A1E7A4F7556}") = "짝수와 홀수", "짝수와 홀수\짝수와 홀수.csproj", "{6BAD1783-B1F0-4481-B567-5CC0B1182C08}"
EndProject
Project("{9A19103F-16F7-4668-BE54-9A1E7A4F7556}") = "제일작은수제거하기", "제일작은수제거하기\제일작은수제거하기.csproj", "{40F7DF79-50E5-4F0D-B998-9CD12A0CB682}"
EndProject
Project("{9A19103F-16F7-4668-BE54-9A1E7A4F7556}") = "정수 제곱근 판별", "정수 제곱근 판별\정수 제곱근 판별.csproj", "{3137BE86-6188-49E4-B317-9EF2C5260E41}"
EndProject
Project("{9A19103F-16F7-4668-BE54-9A1E7A4F7556}") = "정수내림차순으로배치하기", "정수내림차순으로배치하기\정수내림차순으로배치하기.csproj", "{CE584881-9660-4201-9571-574BC84272CC}"
EndProject
Project("{9A19103F-16F7-4668-BE54-9A1E7A4F7556}") = "자연수뒤집어배열로만들기", "자연수뒤집어배열로만들기\자연수뒤집어배열로만들기.csproj", "{83CD5308-29AB-46BF-89F5-A356C59C1C99}"
EndProject
Project("{9A19103F-16F7-4668-BE54-9A1E7A4F7556}") = "자릿수더하기", "자릿수더하기\자릿수더하기.csproj", "{09ADE18F-2017-4B2B-9FE2-326F7A62013F}"
EndProject
Project("{9A19103F-16F7-4668-BE54-9A1E7A4F7556}") = "이상한문자만들기", "이상한문자만들기\이상한문자만들기.csproj", "{F6254B31-531B-4F3A-BF7C-F3263919D615}"
EndProject
Project("{9A19103F-16F7-4668-BE54-9A1E7A4F7556}") = "약수의 합", "약수의 합\약수의 합.csproj", "{D5F031C1-F020-489C-AD3F-1941D52DE52B}"
EndProject
Project("{9A19103F-16F7-4668-BE54-9A1E7A4F7556}") = "시저 암호", "시저 암호\시저 암호.csproj", "{3175AF46-E9EA-435B-9BEE-ED7129E2FF8B}"
EndProject
Project("{9A19103F-16F7-4668-BE54-9A1E7A4F7556}") = "문자열을 정수로 바꾸기", "문자열을 정수로 바꾸기\문자열을 정수로 바꾸기.csproj", "{E5A6E094-AC2B-40AE-8F89-4826E9AB788C}"
EndProject
Project("{9A19103F-16F7-4668-BE54-9A1E7A4F7556}") = "수박수박수", "수박수박수\수박수박수.csproj", "{9B41153F-6E77-447E-B6AB-EAB769267DEE}"
EndProject
Project("{9A19103F-16F7-4668-BE54-9A1E7A4F7556}") = "소수찾기", "소수찾기\소수찾기.csproj", "{1A9941DB-4696-49EC-BB35-DBDA5F04A1AC}"
EndProject
Project("{9A19103F-16F7-4668-BE54-9A1E7A4F7556}") = "서울에서 김서방 찾기", "서울에서 김서방 찾기\서울에서 김서방 찾기.csproj", "{10AB9A60-F0A8-437C-B9A1-C683AF5239AF}"
EndProject
Project("{9A19103F-16F7-4668-BE54-9A1E7A4F7556}") = "문자열 다루기 기본", "문자열 다루기 기본\문자열 다루기 기본.csproj", "{DE88FB13-5B69-4A76-82B6-2487B521A577}"
EndProject
Project("{9A19103F-16F7-4668-BE54-9A1E7A4F7556}") = "문자열 내림차순으로 배치하기", "문자열 내림차순으로 배치하기\문자열 내림차순으로 배치하기.csproj", "{81169C74-A0DD-41D5-ACFA-4969FFBF7985}"
EndProject
Project("{9A19103F-16F7-4668-BE54-9A1E7A4F7556}") = "문자열 내 마음대로 정렬하기", "문자열 내 마음대로 정렬하기\문자열 내 마음대로 정렬하기.csproj", "{276AE77F-AE97-4623-8877-3B23C85176E7}"
EndProject
Project("{9A19103F-16F7-4668-BE54-9A1E7A4F7556}") = "두 정수 사이의 합", "두 정수 사이의 합\두 정수 사이의 합.csproj", "{6F9EA5E0-7634-484E-8B61-9D892E9479C9}"
EndProject
Project("{9A19103F-16F7-4668-BE54-9A1E7A4F7556}") = "나누어 떨어지는 숫자 배열", "나누어 떨어지는 숫자 배열\나누어 떨어지는 숫자 배열.csproj", "{E466BC3D-F49B-4258-A0D8-14D8053365FA}"
EndProject
Project("{9A19103F-16F7-4668-BE54-9A1E7A4F7556}") = "가운데 글자 가져오기", "가운데 글자 가져오기\가운데 글자 가져오기.csproj", "{87494987-EEAA-4C55-A64D-C9524804F8E7}"
EndProject
Project("{FAE04EC0-301F-11D3-BF4B-00C04F79EFBC}") = "부족한 금액 계산하기", "부족한 금액 계산하기\부족한 금액 계산하기.csproj", "{A4A9C561-2301-4119-8B74-6C2FD6A6F1BA}"
EndProject
Global
	GlobalSection(SolutionConfigurationPlatforms) = preSolution
		Debug|Any CPU = Debug|Any CPU
		Release|Any CPU = Release|Any CPU
	EndGlobalSection
	GlobalSection(ProjectConfigurationPlatforms) = postSolution
		{1FEA1B3A-F0DF-42B6-8492-D2EA13CC1FEC}.Debug|Any CPU.ActiveCfg = Debug|Any CPU
		{1FEA1B3A-F0DF-42B6-8492-D2EA13CC1FEC}.Debug|Any CPU.Build.0 = Debug|Any CPU
		{1FEA1B3A-F0DF-42B6-8492-D2EA13CC1FEC}.Release|Any CPU.ActiveCfg = Release|Any CPU
		{1FEA1B3A-F0DF-42B6-8492-D2EA13CC1FEC}.Release|Any CPU.Build.0 = Release|Any CPU
		{3CB92233-59F8-43C1-8585-6B75FA842066}.Debug|Any CPU.ActiveCfg = Debug|Any CPU
		{3CB92233-59F8-43C1-8585-6B75FA842066}.Debug|Any CPU.Build.0 = Debug|Any CPU
		{3CB92233-59F8-43C1-8585-6B75FA842066}.Release|Any CPU.ActiveCfg = Release|Any CPU
		{3CB92233-59F8-43C1-8585-6B75FA842066}.Release|Any CPU.Build.0 = Release|Any CPU
		{B4503069-7398-45B6-A20C-A634EEA80899}.Debug|Any CPU.ActiveCfg = Debug|Any CPU
		{B4503069-7398-45B6-A20C-A634EEA80899}.Debug|Any CPU.Build.0 = Debug|Any CPU
		{B4503069-7398-45B6-A20C-A634EEA80899}.Release|Any CPU.ActiveCfg = Release|Any CPU
		{B4503069-7398-45B6-A20C-A634EEA80899}.Release|Any CPU.Build.0 = Release|Any CPU
		{E498978C-77D9-4B78-9E97-49C8A2A54712}.Debug|Any CPU.ActiveCfg = Debug|Any CPU
		{E498978C-77D9-4B78-9E97-49C8A2A54712}.Debug|Any CPU.Build.0 = Debug|Any CPU
		{E498978C-77D9-4B78-9E97-49C8A2A54712}.Release|Any CPU.ActiveCfg = Release|Any CPU
		{E498978C-77D9-4B78-9E97-49C8A2A54712}.Release|Any CPU.Build.0 = Release|Any CPU
		{6E4B9783-C9A0-4AEA-B0B9-543ED56BB659}.Debug|Any CPU.ActiveCfg = Debug|Any CPU
		{6E4B9783-C9A0-4AEA-B0B9-543ED56BB659}.Debug|Any CPU.Build.0 = Debug|Any CPU
		{6E4B9783-C9A0-4AEA-B0B9-543ED56BB659}.Release|Any CPU.ActiveCfg = Release|Any CPU
		{6E4B9783-C9A0-4AEA-B0B9-543ED56BB659}.Release|Any CPU.Build.0 = Release|Any CPU
		{D82F7138-5651-4BE0-8C70-6A49D564370A}.Debug|Any CPU.ActiveCfg = Debug|Any CPU
		{D82F7138-5651-4BE0-8C70-6A49D564370A}.Debug|Any CPU.Build.0 = Debug|Any CPU
		{D82F7138-5651-4BE0-8C70-6A49D564370A}.Release|Any CPU.ActiveCfg = Release|Any CPU
		{D82F7138-5651-4BE0-8C70-6A49D564370A}.Release|Any CPU.Build.0 = Release|Any CPU
		{BD33F111-07E4-4925-89FF-2AB9239394FF}.Debug|Any CPU.ActiveCfg = Debug|Any CPU
		{BD33F111-07E4-4925-89FF-2AB9239394FF}.Debug|Any CPU.Build.0 = Debug|Any CPU
		{BD33F111-07E4-4925-89FF-2AB9239394FF}.Release|Any CPU.ActiveCfg = Release|Any CPU
		{BD33F111-07E4-4925-89FF-2AB9239394FF}.Release|Any CPU.Build.0 = Release|Any CPU
		{39A1FFA8-F841-4F61-81BB-9EB9979B758D}.Debug|Any CPU.ActiveCfg = Debug|Any CPU
		{39A1FFA8-F841-4F61-81BB-9EB9979B758D}.Debug|Any CPU.Build.0 = Debug|Any CPU
		{39A1FFA8-F841-4F61-81BB-9EB9979B758D}.Release|Any CPU.ActiveCfg = Release|Any CPU
		{39A1FFA8-F841-4F61-81BB-9EB9979B758D}.Release|Any CPU.Build.0 = Release|Any CPU
		{C295CED6-1343-450C-BEEE-2D166113F8BE}.Debug|Any CPU.ActiveCfg = Debug|Any CPU
		{C295CED6-1343-450C-BEEE-2D166113F8BE}.Debug|Any CPU.Build.0 = Debug|Any CPU
		{C295CED6-1343-450C-BEEE-2D166113F8BE}.Release|Any CPU.ActiveCfg = Release|Any CPU
		{C295CED6-1343-450C-BEEE-2D166113F8BE}.Release|Any CPU.Build.0 = Release|Any CPU
		{00338C43-7F8A-4ACC-9637-14614B2DAD62}.Debug|Any CPU.ActiveCfg = Debug|Any CPU
		{00338C43-7F8A-4ACC-9637-14614B2DAD62}.Debug|Any CPU.Build.0 = Debug|Any CPU
		{00338C43-7F8A-4ACC-9637-14614B2DAD62}.Release|Any CPU.ActiveCfg = Release|Any CPU
		{00338C43-7F8A-4ACC-9637-14614B2DAD62}.Release|Any CPU.Build.0 = Release|Any CPU
		{998CF7AE-1081-4FE0-B510-7E5CE40C1099}.Debug|Any CPU.ActiveCfg = Debug|Any CPU
		{998CF7AE-1081-4FE0-B510-7E5CE40C1099}.Debug|Any CPU.Build.0 = Debug|Any CPU
		{998CF7AE-1081-4FE0-B510-7E5CE40C1099}.Release|Any CPU.ActiveCfg = Release|Any CPU
		{998CF7AE-1081-4FE0-B510-7E5CE40C1099}.Release|Any CPU.Build.0 = Release|Any CPU
		{010C1F49-B3AB-4932-AB52-6413C662CA31}.Debug|Any CPU.ActiveCfg = Debug|Any CPU
		{010C1F49-B3AB-4932-AB52-6413C662CA31}.Debug|Any CPU.Build.0 = Debug|Any CPU
		{010C1F49-B3AB-4932-AB52-6413C662CA31}.Release|Any CPU.ActiveCfg = Release|Any CPU
		{010C1F49-B3AB-4932-AB52-6413C662CA31}.Release|Any CPU.Build.0 = Release|Any CPU
		{6BAD1783-B1F0-4481-B567-5CC0B1182C08}.Debug|Any CPU.ActiveCfg = Debug|Any CPU
		{6BAD1783-B1F0-4481-B567-5CC0B1182C08}.Debug|Any CPU.Build.0 = Debug|Any CPU
		{6BAD1783-B1F0-4481-B567-5CC0B1182C08}.Release|Any CPU.ActiveCfg = Release|Any CPU
		{6BAD1783-B1F0-4481-B567-5CC0B1182C08}.Release|Any CPU.Build.0 = Release|Any CPU
		{40F7DF79-50E5-4F0D-B998-9CD12A0CB682}.Debug|Any CPU.ActiveCfg = Debug|Any CPU
		{40F7DF79-50E5-4F0D-B998-9CD12A0CB682}.Debug|Any CPU.Build.0 = Debug|Any CPU
		{40F7DF79-50E5-4F0D-B998-9CD12A0CB682}.Release|Any CPU.ActiveCfg = Release|Any CPU
		{40F7DF79-50E5-4F0D-B998-9CD12A0CB682}.Release|Any CPU.Build.0 = Release|Any CPU
		{3137BE86-6188-49E4-B317-9EF2C5260E41}.Debug|Any CPU.ActiveCfg = Debug|Any CPU
		{3137BE86-6188-49E4-B317-9EF2C5260E41}.Debug|Any CPU.Build.0 = Debug|Any CPU
		{3137BE86-6188-49E4-B317-9EF2C5260E41}.Release|Any CPU.ActiveCfg = Release|Any CPU
		{3137BE86-6188-49E4-B317-9EF2C5260E41}.Release|Any CPU.Build.0 = Release|Any CPU
		{CE584881-9660-4201-9571-574BC84272CC}.Debug|Any CPU.ActiveCfg = Debug|Any CPU
		{CE584881-9660-4201-9571-574BC84272CC}.Debug|Any CPU.Build.0 = Debug|Any CPU
		{CE584881-9660-4201-9571-574BC84272CC}.Release|Any CPU.ActiveCfg = Release|Any CPU
		{CE584881-9660-4201-9571-574BC84272CC}.Release|Any CPU.Build.0 = Release|Any CPU
		{83CD5308-29AB-46BF-89F5-A356C59C1C99}.Debug|Any CPU.ActiveCfg = Debug|Any CPU
		{83CD5308-29AB-46BF-89F5-A356C59C1C99}.Debug|Any CPU.Build.0 = Debug|Any CPU
		{83CD5308-29AB-46BF-89F5-A356C59C1C99}.Release|Any CPU.ActiveCfg = Release|Any CPU
		{83CD5308-29AB-46BF-89F5-A356C59C1C99}.Release|Any CPU.Build.0 = Release|Any CPU
		{09ADE18F-2017-4B2B-9FE2-326F7A62013F}.Debug|Any CPU.ActiveCfg = Debug|Any CPU
		{09ADE18F-2017-4B2B-9FE2-326F7A62013F}.Debug|Any CPU.Build.0 = Debug|Any CPU
		{09ADE18F-2017-4B2B-9FE2-326F7A62013F}.Release|Any CPU.ActiveCfg = Release|Any CPU
		{09ADE18F-2017-4B2B-9FE2-326F7A62013F}.Release|Any CPU.Build.0 = Release|Any CPU
		{F6254B31-531B-4F3A-BF7C-F3263919D615}.Debug|Any CPU.ActiveCfg = Debug|Any CPU
		{F6254B31-531B-4F3A-BF7C-F3263919D615}.Debug|Any CPU.Build.0 = Debug|Any CPU
		{F6254B31-531B-4F3A-BF7C-F3263919D615}.Release|Any CPU.ActiveCfg = Release|Any CPU
		{F6254B31-531B-4F3A-BF7C-F3263919D615}.Release|Any CPU.Build.0 = Release|Any CPU
		{D5F031C1-F020-489C-AD3F-1941D52DE52B}.Debug|Any CPU.ActiveCfg = Debug|Any CPU
		{D5F031C1-F020-489C-AD3F-1941D52DE52B}.Debug|Any CPU.Build.0 = Debug|Any CPU
		{D5F031C1-F020-489C-AD3F-1941D52DE52B}.Release|Any CPU.ActiveCfg = Release|Any CPU
		{D5F031C1-F020-489C-AD3F-1941D52DE52B}.Release|Any CPU.Build.0 = Release|Any CPU
		{3175AF46-E9EA-435B-9BEE-ED7129E2FF8B}.Debug|Any CPU.ActiveCfg = Debug|Any CPU
		{3175AF46-E9EA-435B-9BEE-ED7129E2FF8B}.Debug|Any CPU.Build.0 = Debug|Any CPU
		{3175AF46-E9EA-435B-9BEE-ED7129E2FF8B}.Release|Any CPU.ActiveCfg = Release|Any CPU
		{3175AF46-E9EA-435B-9BEE-ED7129E2FF8B}.Release|Any CPU.Build.0 = Release|Any CPU
		{E5A6E094-AC2B-40AE-8F89-4826E9AB788C}.Debug|Any CPU.ActiveCfg = Debug|Any CPU
		{E5A6E094-AC2B-40AE-8F89-4826E9AB788C}.Debug|Any CPU.Build.0 = Debug|Any CPU
		{E5A6E094-AC2B-40AE-8F89-4826E9AB788C}.Release|Any CPU.ActiveCfg = Release|Any CPU
		{E5A6E094-AC2B-40AE-8F89-4826E9AB788C}.Release|Any CPU.Build.0 = Release|Any CPU
		{9B41153F-6E77-447E-B6AB-EAB769267DEE}.Debug|Any CPU.ActiveCfg = Debug|Any CPU
		{9B41153F-6E77-447E-B6AB-EAB769267DEE}.Debug|Any CPU.Build.0 = Debug|Any CPU
		{9B41153F-6E77-447E-B6AB-EAB769267DEE}.Release|Any CPU.ActiveCfg = Release|Any CPU
		{9B41153F-6E77-447E-B6AB-EAB769267DEE}.Release|Any CPU.Build.0 = Release|Any CPU
		{1A9941DB-4696-49EC-BB35-DBDA5F04A1AC}.Debug|Any CPU.ActiveCfg = Debug|Any CPU
		{1A9941DB-4696-49EC-BB35-DBDA5F04A1AC}.Debug|Any CPU.Build.0 = Debug|Any CPU
		{1A9941DB-4696-49EC-BB35-DBDA5F04A1AC}.Release|Any CPU.ActiveCfg = Release|Any CPU
		{1A9941DB-4696-49EC-BB35-DBDA5F04A1AC}.Release|Any CPU.Build.0 = Release|Any CPU
		{10AB9A60-F0A8-437C-B9A1-C683AF5239AF}.Debug|Any CPU.ActiveCfg = Debug|Any CPU
		{10AB9A60-F0A8-437C-B9A1-C683AF5239AF}.Debug|Any CPU.Build.0 = Debug|Any CPU
		{10AB9A60-F0A8-437C-B9A1-C683AF5239AF}.Release|Any CPU.ActiveCfg = Release|Any CPU
		{10AB9A60-F0A8-437C-B9A1-C683AF5239AF}.Release|Any CPU.Build.0 = Release|Any CPU
		{DE88FB13-5B69-4A76-82B6-2487B521A577}.Debug|Any CPU.ActiveCfg = Debug|Any CPU
		{DE88FB13-5B69-4A76-82B6-2487B521A577}.Debug|Any CPU.Build.0 = Debug|Any CPU
		{DE88FB13-5B69-4A76-82B6-2487B521A577}.Release|Any CPU.ActiveCfg = Release|Any CPU
		{DE88FB13-5B69-4A76-82B6-2487B521A577}.Release|Any CPU.Build.0 = Release|Any CPU
		{81169C74-A0DD-41D5-ACFA-4969FFBF7985}.Debug|Any CPU.ActiveCfg = Debug|Any CPU
		{81169C74-A0DD-41D5-ACFA-4969FFBF7985}.Debug|Any CPU.Build.0 = Debug|Any CPU
		{81169C74-A0DD-41D5-ACFA-4969FFBF7985}.Release|Any CPU.ActiveCfg = Release|Any CPU
		{81169C74-A0DD-41D5-ACFA-4969FFBF7985}.Release|Any CPU.Build.0 = Release|Any CPU
		{276AE77F-AE97-4623-8877-3B23C85176E7}.Debug|Any CPU.ActiveCfg = Debug|Any CPU
		{276AE77F-AE97-4623-8877-3B23C85176E7}.Debug|Any CPU.Build.0 = Debug|Any CPU
		{276AE77F-AE97-4623-8877-3B23C85176E7}.Release|Any CPU.ActiveCfg = Release|Any CPU
		{276AE77F-AE97-4623-8877-3B23C85176E7}.Release|Any CPU.Build.0 = Release|Any CPU
		{6F9EA5E0-7634-484E-8B61-9D892E9479C9}.Debug|Any CPU.ActiveCfg = Debug|Any CPU
		{6F9EA5E0-7634-484E-8B61-9D892E9479C9}.Debug|Any CPU.Build.0 = Debug|Any CPU
		{6F9EA5E0-7634-484E-8B61-9D892E9479C9}.Release|Any CPU.ActiveCfg = Release|Any CPU
		{6F9EA5E0-7634-484E-8B61-9D892E9479C9}.Release|Any CPU.Build.0 = Release|Any CPU
		{E466BC3D-F49B-4258-A0D8-14D8053365FA}.Debug|Any CPU.ActiveCfg = Debug|Any CPU
		{E466BC3D-F49B-4258-A0D8-14D8053365FA}.Debug|Any CPU.Build.0 = Debug|Any CPU
		{E466BC3D-F49B-4258-A0D8-14D8053365FA}.Release|Any CPU.ActiveCfg = Release|Any CPU
		{E466BC3D-F49B-4258-A0D8-14D8053365FA}.Release|Any CPU.Build.0 = Release|Any CPU
		{87494987-EEAA-4C55-A64D-C9524804F8E7}.Debug|Any CPU.ActiveCfg = Debug|Any CPU
		{87494987-EEAA-4C55-A64D-C9524804F8E7}.Debug|Any CPU.Build.0 = Debug|Any CPU
		{87494987-EEAA-4C55-A64D-C9524804F8E7}.Release|Any CPU.ActiveCfg = Release|Any CPU
		{87494987-EEAA-4C55-A64D-C9524804F8E7}.Release|Any CPU.Build.0 = Release|Any CPU
		{A4A9C561-2301-4119-8B74-6C2FD6A6F1BA}.Debug|Any CPU.ActiveCfg = Debug|Any CPU
		{A4A9C561-2301-4119-8B74-6C2FD6A6F1BA}.Debug|Any CPU.Build.0 = Debug|Any CPU
		{A4A9C561-2301-4119-8B74-6C2FD6A6F1BA}.Release|Any CPU.ActiveCfg = Release|Any CPU
		{A4A9C561-2301-4119-8B74-6C2FD6A6F1BA}.Release|Any CPU.Build.0 = Release|Any CPU
	EndGlobalSection
	GlobalSection(SolutionProperties) = preSolution
		HideSolutionNode = FALSE
	EndGlobalSection
	GlobalSection(NestedProjects) = preSolution
		{1FEA1B3A-F0DF-42B6-8492-D2EA13CC1FEC} = {C4DCB784-6E8F-4EB1-B745-CDA90C7240BF}
		{3CB92233-59F8-43C1-8585-6B75FA842066} = {C4DCB784-6E8F-4EB1-B745-CDA90C7240BF}
		{B4503069-7398-45B6-A20C-A634EEA80899} = {C4DCB784-6E8F-4EB1-B745-CDA90C7240BF}
		{E498978C-77D9-4B78-9E97-49C8A2A54712} = {C4DCB784-6E8F-4EB1-B745-CDA90C7240BF}
		{6E4B9783-C9A0-4AEA-B0B9-543ED56BB659} = {C4DCB784-6E8F-4EB1-B745-CDA90C7240BF}
		{D82F7138-5651-4BE0-8C70-6A49D564370A} = {C4DCB784-6E8F-4EB1-B745-CDA90C7240BF}
		{BD33F111-07E4-4925-89FF-2AB9239394FF} = {C4DCB784-6E8F-4EB1-B745-CDA90C7240BF}
		{39A1FFA8-F841-4F61-81BB-9EB9979B758D} = {C4DCB784-6E8F-4EB1-B745-CDA90C7240BF}
		{C295CED6-1343-450C-BEEE-2D166113F8BE} = {C4DCB784-6E8F-4EB1-B745-CDA90C7240BF}
		{00338C43-7F8A-4ACC-9637-14614B2DAD62} = {C4DCB784-6E8F-4EB1-B745-CDA90C7240BF}
		{998CF7AE-1081-4FE0-B510-7E5CE40C1099} = {FE05A6E2-6395-4C83-B330-417F2A83E6CE}
		{010C1F49-B3AB-4932-AB52-6413C662CA31} = {C4DCB784-6E8F-4EB1-B745-CDA90C7240BF}
		{6BAD1783-B1F0-4481-B567-5CC0B1182C08} = {C4DCB784-6E8F-4EB1-B745-CDA90C7240BF}
		{40F7DF79-50E5-4F0D-B998-9CD12A0CB682} = {C4DCB784-6E8F-4EB1-B745-CDA90C7240BF}
		{3137BE86-6188-49E4-B317-9EF2C5260E41} = {C4DCB784-6E8F-4EB1-B745-CDA90C7240BF}
		{CE584881-9660-4201-9571-574BC84272CC} = {C4DCB784-6E8F-4EB1-B745-CDA90C7240BF}
		{83CD5308-29AB-46BF-89F5-A356C59C1C99} = {C4DCB784-6E8F-4EB1-B745-CDA90C7240BF}
		{09ADE18F-2017-4B2B-9FE2-326F7A62013F} = {C4DCB784-6E8F-4EB1-B745-CDA90C7240BF}
		{F6254B31-531B-4F3A-BF7C-F3263919D615} = {C4DCB784-6E8F-4EB1-B745-CDA90C7240BF}
		{D5F031C1-F020-489C-AD3F-1941D52DE52B} = {C4DCB784-6E8F-4EB1-B745-CDA90C7240BF}
		{3175AF46-E9EA-435B-9BEE-ED7129E2FF8B} = {C4DCB784-6E8F-4EB1-B745-CDA90C7240BF}
		{E5A6E094-AC2B-40AE-8F89-4826E9AB788C} = {C4DCB784-6E8F-4EB1-B745-CDA90C7240BF}
		{9B41153F-6E77-447E-B6AB-EAB769267DEE} = {C4DCB784-6E8F-4EB1-B745-CDA90C7240BF}
		{1A9941DB-4696-49EC-BB35-DBDA5F04A1AC} = {C4DCB784-6E8F-4EB1-B745-CDA90C7240BF}
		{10AB9A60-F0A8-437C-B9A1-C683AF5239AF} = {C4DCB784-6E8F-4EB1-B745-CDA90C7240BF}
		{DE88FB13-5B69-4A76-82B6-2487B521A577} = {C4DCB784-6E8F-4EB1-B745-CDA90C7240BF}
		{81169C74-A0DD-41D5-ACFA-4969FFBF7985} = {C4DCB784-6E8F-4EB1-B745-CDA90C7240BF}
		{276AE77F-AE97-4623-8877-3B23C85176E7} = {C4DCB784-6E8F-4EB1-B745-CDA90C7240BF}
		{6F9EA5E0-7634-484E-8B61-9D892E9479C9} = {C4DCB784-6E8F-4EB1-B745-CDA90C7240BF}
		{E466BC3D-F49B-4258-A0D8-14D8053365FA} = {C4DCB784-6E8F-4EB1-B745-CDA90C7240BF}
		{87494987-EEAA-4C55-A64D-C9524804F8E7} = {C4DCB784-6E8F-4EB1-B745-CDA90C7240BF}
		{A4A9C561-2301-4119-8B74-6C2FD6A6F1BA} = {C4DCB784-6E8F-4EB1-B745-CDA90C7240BF}
	EndGlobalSection
	GlobalSection(ExtensibilityGlobals) = postSolution
		SolutionGuid = {33EB8D16-8E0C-4055-9D1F-04C0EF1C89FC}
	EndGlobalSection
EndGlobal
