
Microsoft Visual Studio Solution File, Format Version 12.00
# Visual Studio Version 16
VisualStudioVersion = 16.0.31205.134
MinimumVisualStudioVersion = 10.0.40219.1
Project("{2150E333-8FDC-42A3-9474-1A3956D46DE8}") = "레벨 1", "레벨 1", "{C4DCB784-6E8F-4EB1-B745-CDA90C7240BF}"
EndProject
Project("{9A19103F-16F7-4668-BE54-9A1E7A4F7556}") = "모의고사", "모의고사\모의고사.csproj", "{1FEA1B3A-F0DF-42B6-8492-D2EA13CC1FEC}"
EndProject
Project("{9A19103F-16F7-4668-BE54-9A1E7A4F7556}") = "K번째 수", "K번째 수\K번째 수.csproj", "{3CB92233-59F8-43C1-8585-6B75FA842066}"
EndProject
Project("{9A19103F-16F7-4668-BE54-9A1E7A4F7556}") = "체육복", "체육복\체육복.csproj", "{B4503069-7398-45B6-A20C-A634EEA80899}"
EndProject
Project("{2150E333-8FDC-42A3-9474-1A3956D46DE8}") = "Solution Items", "Solution Items", "{321C690B-9C89-457B-AC4C-6A4A36D9A1CB}"
	ProjectSection(SolutionItems) = preProject
		.editorconfig = .editorconfig
	EndProjectSection
EndProject
Project("{9A19103F-16F7-4668-BE54-9A1E7A4F7556}") = "직사각형별찍기", "직사각형별찍기\직사각형별찍기.csproj", "{E498978C-77D9-4B78-9E97-49C8A2A54712}"
EndProject
Project("{9A19103F-16F7-4668-BE54-9A1E7A4F7556}") = "x만큼간격이있는n개의숫자", "x만큼간격이있는n개의숫자\x만큼간격이있는n개의숫자.csproj", "{6E4B9783-C9A0-4AEA-B0B9-543ED56BB659}"
EndProject
Project("{9A19103F-16F7-4668-BE54-9A1E7A4F7556}") = "행렬의덧셈", "행렬의덧셈\행렬의덧셈.csproj", "{D82F7138-5651-4BE0-8C70-6A49D564370A}"
EndProject
Project("{9A19103F-16F7-4668-BE54-9A1E7A4F7556}") = "핸드폰번호가리기", "핸드폰번호가리기\핸드폰번호가리기.csproj", "{BD33F111-07E4-4925-89FF-2AB9239394FF}"
EndProject
Project("{9A19103F-16F7-4668-BE54-9A1E7A4F7556}") = "하샤드수", "하샤드수\하샤드수.csproj", "{39A1FFA8-F841-4F61-81BB-9EB9979B758D}"
EndProject
Project("{FAE04EC0-301F-11D3-BF4B-00C04F79EFBC}") = "평균구하기", "평균구하기\평균구하기.csproj", "{C295CED6-1343-450C-BEEE-2D166113F8BE}"
EndProject
Global
	GlobalSection(SolutionConfigurationPlatforms) = preSolution
		Debug|Any CPU = Debug|Any CPU
		Release|Any CPU = Release|Any CPU
	EndGlobalSection
	GlobalSection(ProjectConfigurationPlatforms) = postSolution
		{1FEA1B3A-F0DF-42B6-8492-D2EA13CC1FEC}.Debug|Any CPU.ActiveCfg = Debug|Any CPU
		{1FEA1B3A-F0DF-42B6-8492-D2EA13CC1FEC}.Debug|Any CPU.Build.0 = Debug|Any CPU
		{1FEA1B3A-F0DF-42B6-8492-D2EA13CC1FEC}.Release|Any CPU.ActiveCfg = Release|Any CPU
		{1FEA1B3A-F0DF-42B6-8492-D2EA13CC1FEC}.Release|Any CPU.Build.0 = Release|Any CPU
		{3CB92233-59F8-43C1-8585-6B75FA842066}.Debug|Any CPU.ActiveCfg = Debug|Any CPU
		{3CB92233-59F8-43C1-8585-6B75FA842066}.Debug|Any CPU.Build.0 = Debug|Any CPU
		{3CB92233-59F8-43C1-8585-6B75FA842066}.Release|Any CPU.ActiveCfg = Release|Any CPU
		{3CB92233-59F8-43C1-8585-6B75FA842066}.Release|Any CPU.Build.0 = Release|Any CPU
		{B4503069-7398-45B6-A20C-A634EEA80899}.Debug|Any CPU.ActiveCfg = Debug|Any CPU
		{B4503069-7398-45B6-A20C-A634EEA80899}.Debug|Any CPU.Build.0 = Debug|Any CPU
		{B4503069-7398-45B6-A20C-A634EEA80899}.Release|Any CPU.ActiveCfg = Release|Any CPU
		{B4503069-7398-45B6-A20C-A634EEA80899}.Release|Any CPU.Build.0 = Release|Any CPU
		{E498978C-77D9-4B78-9E97-49C8A2A54712}.Debug|Any CPU.ActiveCfg = Debug|Any CPU
		{E498978C-77D9-4B78-9E97-49C8A2A54712}.Debug|Any CPU.Build.0 = Debug|Any CPU
		{E498978C-77D9-4B78-9E97-49C8A2A54712}.Release|Any CPU.ActiveCfg = Release|Any CPU
		{E498978C-77D9-4B78-9E97-49C8A2A54712}.Release|Any CPU.Build.0 = Release|Any CPU
		{6E4B9783-C9A0-4AEA-B0B9-543ED56BB659}.Debug|Any CPU.ActiveCfg = Debug|Any CPU
		{6E4B9783-C9A0-4AEA-B0B9-543ED56BB659}.Debug|Any CPU.Build.0 = Debug|Any CPU
		{6E4B9783-C9A0-4AEA-B0B9-543ED56BB659}.Release|Any CPU.ActiveCfg = Release|Any CPU
		{6E4B9783-C9A0-4AEA-B0B9-543ED56BB659}.Release|Any CPU.Build.0 = Release|Any CPU
		{D82F7138-5651-4BE0-8C70-6A49D564370A}.Debug|Any CPU.ActiveCfg = Debug|Any CPU
		{D82F7138-5651-4BE0-8C70-6A49D564370A}.Debug|Any CPU.Build.0 = Debug|Any CPU
		{D82F7138-5651-4BE0-8C70-6A49D564370A}.Release|Any CPU.ActiveCfg = Release|Any CPU
		{D82F7138-5651-4BE0-8C70-6A49D564370A}.Release|Any CPU.Build.0 = Release|Any CPU
		{BD33F111-07E4-4925-89FF-2AB9239394FF}.Debug|Any CPU.ActiveCfg = Debug|Any CPU
		{BD33F111-07E4-4925-89FF-2AB9239394FF}.Debug|Any CPU.Build.0 = Debug|Any CPU
		{BD33F111-07E4-4925-89FF-2AB9239394FF}.Release|Any CPU.ActiveCfg = Release|Any CPU
		{BD33F111-07E4-4925-89FF-2AB9239394FF}.Release|Any CPU.Build.0 = Release|Any CPU
		{39A1FFA8-F841-4F61-81BB-9EB9979B758D}.Debug|Any CPU.ActiveCfg = Debug|Any CPU
		{39A1FFA8-F841-4F61-81BB-9EB9979B758D}.Debug|Any CPU.Build.0 = Debug|Any CPU
		{39A1FFA8-F841-4F61-81BB-9EB9979B758D}.Release|Any CPU.ActiveCfg = Release|Any CPU
		{39A1FFA8-F841-4F61-81BB-9EB9979B758D}.Release|Any CPU.Build.0 = Release|Any CPU
		{C295CED6-1343-450C-BEEE-2D166113F8BE}.Debug|Any CPU.ActiveCfg = Debug|Any CPU
		{C295CED6-1343-450C-BEEE-2D166113F8BE}.Debug|Any CPU.Build.0 = Debug|Any CPU
		{C295CED6-1343-450C-BEEE-2D166113F8BE}.Release|Any CPU.ActiveCfg = Release|Any CPU
		{C295CED6-1343-450C-BEEE-2D166113F8BE}.Release|Any CPU.Build.0 = Release|Any CPU
	EndGlobalSection
	GlobalSection(SolutionProperties) = preSolution
		HideSolutionNode = FALSE
	EndGlobalSection
	GlobalSection(NestedProjects) = preSolution
		{1FEA1B3A-F0DF-42B6-8492-D2EA13CC1FEC} = {C4DCB784-6E8F-4EB1-B745-CDA90C7240BF}
		{3CB92233-59F8-43C1-8585-6B75FA842066} = {C4DCB784-6E8F-4EB1-B745-CDA90C7240BF}
		{B4503069-7398-45B6-A20C-A634EEA80899} = {C4DCB784-6E8F-4EB1-B745-CDA90C7240BF}
		{E498978C-77D9-4B78-9E97-49C8A2A54712} = {C4DCB784-6E8F-4EB1-B745-CDA90C7240BF}
		{6E4B9783-C9A0-4AEA-B0B9-543ED56BB659} = {C4DCB784-6E8F-4EB1-B745-CDA90C7240BF}
		{D82F7138-5651-4BE0-8C70-6A49D564370A} = {C4DCB784-6E8F-4EB1-B745-CDA90C7240BF}
		{BD33F111-07E4-4925-89FF-2AB9239394FF} = {C4DCB784-6E8F-4EB1-B745-CDA90C7240BF}
		{39A1FFA8-F841-4F61-81BB-9EB9979B758D} = {C4DCB784-6E8F-4EB1-B745-CDA90C7240BF}
		{C295CED6-1343-450C-BEEE-2D166113F8BE} = {C4DCB784-6E8F-4EB1-B745-CDA90C7240BF}
	EndGlobalSection
	GlobalSection(ExtensibilityGlobals) = postSolution
		SolutionGuid = {33EB8D16-8E0C-4055-9D1F-04C0EF1C89FC}
	EndGlobalSection
EndGlobal
